// !$*UTF8*$!
{
	archiveVersion = 1;
	classes = {
	};
	objectVersion = 56;
	objects = {

/* Begin PBXBuildFile section */
		0C0788D62958B3010011E5A4 /* EmojiGameApp.swift in Sources */ = {isa = PBXBuildFile; fileRef = 0C0788D52958B3010011E5A4 /* EmojiGameApp.swift */; };
		0C0788D82958B3010011E5A4 /* HomeView.swift in Sources */ = {isa = PBXBuildFile; fileRef = 0C0788D72958B3010011E5A4 /* HomeView.swift */; };
		0C0788DA2958B3030011E5A4 /* Assets.xcassets in Resources */ = {isa = PBXBuildFile; fileRef = 0C0788D92958B3030011E5A4 /* Assets.xcassets */; };
		0C0788DD2958B3030011E5A4 /* Preview Assets.xcassets in Resources */ = {isa = PBXBuildFile; fileRef = 0C0788DC2958B3030011E5A4 /* Preview Assets.xcassets */; };
		0C0788E52958B7830011E5A4 /* GameView.swift in Sources */ = {isa = PBXBuildFile; fileRef = 0C0788E42958B7830011E5A4 /* GameView.swift */; };
		0C0788E72958BFD20011E5A4 /* AddPhraseView.swift in Sources */ = {isa = PBXBuildFile; fileRef = 0C0788E62958BFD20011E5A4 /* AddPhraseView.swift */; };
		0C0788E92958C4370011E5A4 /* WordModel.swift in Sources */ = {isa = PBXBuildFile; fileRef = 0C0788E82958C4370011E5A4 /* WordModel.swift */; };
		0C0788EC2958C88E0011E5A4 /* Realm in Frameworks */ = {isa = PBXBuildFile; productRef = 0C0788EB2958C88E0011E5A4 /* Realm */; };
		0C0788EE2958C88E0011E5A4 /* RealmSwift in Frameworks */ = {isa = PBXBuildFile; productRef = 0C0788ED2958C88E0011E5A4 /* RealmSwift */; };
		0C0788F02958C8D50011E5A4 /* RealmManager.swift in Sources */ = {isa = PBXBuildFile; fileRef = 0C0788EF2958C8D50011E5A4 /* RealmManager.swift */; };
		0C2C36B7296072720034329F /* EGTextView.swift in Sources */ = {isa = PBXBuildFile; fileRef = 0C2C36B6296072720034329F /* EGTextView.swift */; };
		0C2C36B9296073670034329F /* ChooseCategoryView.swift in Sources */ = {isa = PBXBuildFile; fileRef = 0C2C36B8296073670034329F /* ChooseCategoryView.swift */; };
		0C2C36BB2960803B0034329F /* EGTextFieldView.swift in Sources */ = {isa = PBXBuildFile; fileRef = 0C2C36BA2960803B0034329F /* EGTextFieldView.swift */; };
		0C610F4A295CD87700D88CE2 /* Colors.swift in Sources */ = {isa = PBXBuildFile; fileRef = 0C610F49295CD87700D88CE2 /* Colors.swift */; };
		0C610F4D295CDAAB00D88CE2 /* EGWaveView.swift in Sources */ = {isa = PBXBuildFile; fileRef = 0C610F4C295CDAAB00D88CE2 /* EGWaveView.swift */; };
		0CEF76AF296A1AEE0060606D /* SummaryView.swift in Sources */ = {isa = PBXBuildFile; fileRef = 0CEF76AE296A1AEE0060606D /* SummaryView.swift */; };
/* End PBXBuildFile section */

/* Begin PBXFileReference section */
		0C0788D22958B3010011E5A4 /* EmojiGame.app */ = {isa = PBXFileReference; explicitFileType = wrapper.application; includeInIndex = 0; path = EmojiGame.app; sourceTree = BUILT_PRODUCTS_DIR; };
		0C0788D52958B3010011E5A4 /* EmojiGameApp.swift */ = {isa = PBXFileReference; lastKnownFileType = sourcecode.swift; path = EmojiGameApp.swift; sourceTree = "<group>"; };
		0C0788D72958B3010011E5A4 /* HomeView.swift */ = {isa = PBXFileReference; lastKnownFileType = sourcecode.swift; path = HomeView.swift; sourceTree = "<group>"; };
		0C0788D92958B3030011E5A4 /* Assets.xcassets */ = {isa = PBXFileReference; lastKnownFileType = folder.assetcatalog; path = Assets.xcassets; sourceTree = "<group>"; };
		0C0788DC2958B3030011E5A4 /* Preview Assets.xcassets */ = {isa = PBXFileReference; lastKnownFileType = folder.assetcatalog; path = "Preview Assets.xcassets"; sourceTree = "<group>"; };
		0C0788E42958B7830011E5A4 /* GameView.swift */ = {isa = PBXFileReference; lastKnownFileType = sourcecode.swift; path = GameView.swift; sourceTree = "<group>"; };
		0C0788E62958BFD20011E5A4 /* AddPhraseView.swift */ = {isa = PBXFileReference; lastKnownFileType = sourcecode.swift; path = AddPhraseView.swift; sourceTree = "<group>"; };
		0C0788E82958C4370011E5A4 /* WordModel.swift */ = {isa = PBXFileReference; lastKnownFileType = sourcecode.swift; path = WordModel.swift; sourceTree = "<group>"; };
		0C0788EF2958C8D50011E5A4 /* RealmManager.swift */ = {isa = PBXFileReference; lastKnownFileType = sourcecode.swift; path = RealmManager.swift; sourceTree = "<group>"; };
		0C2C36B6296072720034329F /* EGTextView.swift */ = {isa = PBXFileReference; lastKnownFileType = sourcecode.swift; path = EGTextView.swift; sourceTree = "<group>"; };
		0C2C36B8296073670034329F /* ChooseCategoryView.swift */ = {isa = PBXFileReference; lastKnownFileType = sourcecode.swift; path = ChooseCategoryView.swift; sourceTree = "<group>"; };
		0C2C36BA2960803B0034329F /* EGTextFieldView.swift */ = {isa = PBXFileReference; lastKnownFileType = sourcecode.swift; path = EGTextFieldView.swift; sourceTree = "<group>"; };
		0C610F49295CD87700D88CE2 /* Colors.swift */ = {isa = PBXFileReference; lastKnownFileType = sourcecode.swift; path = Colors.swift; sourceTree = "<group>"; };
		0C610F4C295CDAAB00D88CE2 /* EGWaveView.swift */ = {isa = PBXFileReference; lastKnownFileType = sourcecode.swift; path = EGWaveView.swift; sourceTree = "<group>"; };
		0CEF76AE296A1AEE0060606D /* SummaryView.swift */ = {isa = PBXFileReference; lastKnownFileType = sourcecode.swift; path = SummaryView.swift; sourceTree = "<group>"; };
/* End PBXFileReference section */

/* Begin PBXFrameworksBuildPhase section */
		0C0788CF2958B3010011E5A4 /* Frameworks */ = {
			isa = PBXFrameworksBuildPhase;
			buildActionMask = 2147483647;
			files = (
				0C0788EE2958C88E0011E5A4 /* RealmSwift in Frameworks */,
				0C0788EC2958C88E0011E5A4 /* Realm in Frameworks */,
			);
			runOnlyForDeploymentPostprocessing = 0;
		};
/* End PBXFrameworksBuildPhase section */

/* Begin PBXGroup section */
		0C0788C92958B3010011E5A4 = {
			isa = PBXGroup;
			children = (
				0C0788D42958B3010011E5A4 /* EmojiGame */,
				0C0788D32958B3010011E5A4 /* Products */,
			);
			sourceTree = "<group>";
		};
		0C0788D32958B3010011E5A4 /* Products */ = {
			isa = PBXGroup;
			children = (
				0C0788D22958B3010011E5A4 /* EmojiGame.app */,
			);
			name = Products;
			sourceTree = "<group>";
		};
		0C0788D42958B3010011E5A4 /* EmojiGame */ = {
			isa = PBXGroup;
			children = (
				0C0788D52958B3010011E5A4 /* EmojiGameApp.swift */,
				0C0788E82958C4370011E5A4 /* WordModel.swift */,
				0C0788EF2958C8D50011E5A4 /* RealmManager.swift */,
				0C610F4B295CDA9B00D88CE2 /* Components */,
				0C0788E32958B4210011E5A4 /* Views */,
				0C610F48295CD86000D88CE2 /* Util */,
				0C0788D92958B3030011E5A4 /* Assets.xcassets */,
				0C0788DB2958B3030011E5A4 /* Preview Content */,
			);
			path = EmojiGame;
			sourceTree = "<group>";
		};
		0C0788DB2958B3030011E5A4 /* Preview Content */ = {
			isa = PBXGroup;
			children = (
				0C0788DC2958B3030011E5A4 /* Preview Assets.xcassets */,
			);
			path = "Preview Content";
			sourceTree = "<group>";
		};
		0C0788E32958B4210011E5A4 /* Views */ = {
			isa = PBXGroup;
			children = (
				0C0788D72958B3010011E5A4 /* HomeView.swift */,
				0C0788E42958B7830011E5A4 /* GameView.swift */,
				0C0788E62958BFD20011E5A4 /* AddPhraseView.swift */,
				0C2C36B8296073670034329F /* ChooseCategoryView.swift */,
				0CEF76AE296A1AEE0060606D /* SummaryView.swift */,
			);
			path = Views;
			sourceTree = "<group>";
		};
		0C610F48295CD86000D88CE2 /* Util */ = {
			isa = PBXGroup;
			children = (
				0C610F49295CD87700D88CE2 /* Colors.swift */,
			);
			path = Util;
			sourceTree = "<group>";
		};
		0C610F4B295CDA9B00D88CE2 /* Components */ = {
			isa = PBXGroup;
			children = (
				0C610F4C295CDAAB00D88CE2 /* EGWaveView.swift */,
				0C2C36B6296072720034329F /* EGTextView.swift */,
				0C2C36BA2960803B0034329F /* EGTextFieldView.swift */,
			);
			path = Components;
			sourceTree = "<group>";
		};
/* End PBXGroup section */

/* Begin PBXNativeTarget section */
		0C0788D12958B3010011E5A4 /* EmojiGame */ = {
			isa = PBXNativeTarget;
			buildConfigurationList = 0C0788E02958B3030011E5A4 /* Build configuration list for PBXNativeTarget "EmojiGame" */;
			buildPhases = (
				0C0788CE2958B3010011E5A4 /* Sources */,
				0C0788CF2958B3010011E5A4 /* Frameworks */,
				0C0788D02958B3010011E5A4 /* Resources */,
			);
			buildRules = (
			);
			dependencies = (
			);
			name = EmojiGame;
			packageProductDependencies = (
				0C0788EB2958C88E0011E5A4 /* Realm */,
				0C0788ED2958C88E0011E5A4 /* RealmSwift */,
			);
			productName = EmojiGame;
			productReference = 0C0788D22958B3010011E5A4 /* EmojiGame.app */;
			productType = "com.apple.product-type.application";
		};
/* End PBXNativeTarget section */

/* Begin PBXProject section */
		0C0788CA2958B3010011E5A4 /* Project object */ = {
			isa = PBXProject;
			attributes = {
				BuildIndependentTargetsInParallel = 1;
				LastSwiftUpdateCheck = 1410;
				LastUpgradeCheck = 1410;
				TargetAttributes = {
					0C0788D12958B3010011E5A4 = {
						CreatedOnToolsVersion = 14.1;
					};
				};
			};
			buildConfigurationList = 0C0788CD2958B3010011E5A4 /* Build configuration list for PBXProject "EmojiGame" */;
			compatibilityVersion = "Xcode 14.0";
			developmentRegion = en;
			hasScannedForEncodings = 0;
			knownRegions = (
				en,
				Base,
			);
			mainGroup = 0C0788C92958B3010011E5A4;
			packageReferences = (
				0C0788EA2958C88E0011E5A4 /* XCRemoteSwiftPackageReference "realm-cocoa" */,
			);
			productRefGroup = 0C0788D32958B3010011E5A4 /* Products */;
			projectDirPath = "";
			projectRoot = "";
			targets = (
				0C0788D12958B3010011E5A4 /* EmojiGame */,
			);
		};
/* End PBXProject section */

/* Begin PBXResourcesBuildPhase section */
		0C0788D02958B3010011E5A4 /* Resources */ = {
			isa = PBXResourcesBuildPhase;
			buildActionMask = 2147483647;
			files = (
				0C0788DD2958B3030011E5A4 /* Preview Assets.xcassets in Resources */,
				0C0788DA2958B3030011E5A4 /* Assets.xcassets in Resources */,
			);
			runOnlyForDeploymentPostprocessing = 0;
		};
/* End PBXResourcesBuildPhase section */

/* Begin PBXSourcesBuildPhase section */
		0C0788CE2958B3010011E5A4 /* Sources */ = {
			isa = PBXSourcesBuildPhase;
			buildActionMask = 2147483647;
			files = (
				0C0788E72958BFD20011E5A4 /* AddPhraseView.swift in Sources */,
				0C2C36B9296073670034329F /* ChooseCategoryView.swift in Sources */,
				0C0788D82958B3010011E5A4 /* HomeView.swift in Sources */,
				0C0788E52958B7830011E5A4 /* GameView.swift in Sources */,
				0C2C36BB2960803B0034329F /* EGTextFieldView.swift in Sources */,
				0CEF76AF296A1AEE0060606D /* SummaryView.swift in Sources */,
				0C610F4A295CD87700D88CE2 /* Colors.swift in Sources */,
				0C0788D62958B3010011E5A4 /* EmojiGameApp.swift in Sources */,
				0C0788E92958C4370011E5A4 /* WordModel.swift in Sources */,
				0C0788F02958C8D50011E5A4 /* RealmManager.swift in Sources */,
				0C2C36B7296072720034329F /* EGTextView.swift in Sources */,
				0C610F4D295CDAAB00D88CE2 /* EGWaveView.swift in Sources */,
			);
			runOnlyForDeploymentPostprocessing = 0;
		};
/* End PBXSourcesBuildPhase section */

/* Begin XCBuildConfiguration section */
		0C0788DE2958B3030011E5A4 /* Debug */ = {
			isa = XCBuildConfiguration;
			buildSettings = {
				ALWAYS_SEARCH_USER_PATHS = NO;
				CLANG_ANALYZER_NONNULL = YES;
				CLANG_ANALYZER_NUMBER_OBJECT_CONVERSION = YES_AGGRESSIVE;
				CLANG_CXX_LANGUAGE_STANDARD = "gnu++20";
				CLANG_ENABLE_MODULES = YES;
				CLANG_ENABLE_OBJC_ARC = YES;
				CLANG_ENABLE_OBJC_WEAK = YES;
				CLANG_WARN_BLOCK_CAPTURE_AUTORELEASING = YES;
				CLANG_WARN_BOOL_CONVERSION = YES;
				CLANG_WARN_COMMA = YES;
				CLANG_WARN_CONSTANT_CONVERSION = YES;
				CLANG_WARN_DEPRECATED_OBJC_IMPLEMENTATIONS = YES;
				CLANG_WARN_DIRECT_OBJC_ISA_USAGE = YES_ERROR;
				CLANG_WARN_DOCUMENTATION_COMMENTS = YES;
				CLANG_WARN_EMPTY_BODY = YES;
				CLANG_WARN_ENUM_CONVERSION = YES;
				CLANG_WARN_INFINITE_RECURSION = YES;
				CLANG_WARN_INT_CONVERSION = YES;
				CLANG_WARN_NON_LITERAL_NULL_CONVERSION = YES;
				CLANG_WARN_OBJC_IMPLICIT_RETAIN_SELF = YES;
				CLANG_WARN_OBJC_LITERAL_CONVERSION = YES;
				CLANG_WARN_OBJC_ROOT_CLASS = YES_ERROR;
				CLANG_WARN_QUOTED_INCLUDE_IN_FRAMEWORK_HEADER = YES;
				CLANG_WARN_RANGE_LOOP_ANALYSIS = YES;
				CLANG_WARN_STRICT_PROTOTYPES = YES;
				CLANG_WARN_SUSPICIOUS_MOVE = YES;
				CLANG_WARN_UNGUARDED_AVAILABILITY = YES_AGGRESSIVE;
				CLANG_WARN_UNREACHABLE_CODE = YES;
				CLANG_WARN__DUPLICATE_METHOD_MATCH = YES;
				COPY_PHASE_STRIP = NO;
				DEBUG_INFORMATION_FORMAT = dwarf;
				ENABLE_STRICT_OBJC_MSGSEND = YES;
				ENABLE_TESTABILITY = YES;
				GCC_C_LANGUAGE_STANDARD = gnu11;
				GCC_DYNAMIC_NO_PIC = NO;
				GCC_NO_COMMON_BLOCKS = YES;
				GCC_OPTIMIZATION_LEVEL = 0;
				GCC_PREPROCESSOR_DEFINITIONS = (
					"DEBUG=1",
					"$(inherited)",
				);
				GCC_WARN_64_TO_32_BIT_CONVERSION = YES;
				GCC_WARN_ABOUT_RETURN_TYPE = YES_ERROR;
				GCC_WARN_UNDECLARED_SELECTOR = YES;
				GCC_WARN_UNINITIALIZED_AUTOS = YES_AGGRESSIVE;
				GCC_WARN_UNUSED_FUNCTION = YES;
				GCC_WARN_UNUSED_VARIABLE = YES;
				IPHONEOS_DEPLOYMENT_TARGET = 16.1;
				MTL_ENABLE_DEBUG_INFO = INCLUDE_SOURCE;
				MTL_FAST_MATH = YES;
				ONLY_ACTIVE_ARCH = YES;
				SDKROOT = iphoneos;
				SWIFT_ACTIVE_COMPILATION_CONDITIONS = DEBUG;
				SWIFT_OPTIMIZATION_LEVEL = "-Onone";
			};
			name = Debug;
		};
		0C0788DF2958B3030011E5A4 /* Release */ = {
			isa = XCBuildConfiguration;
			buildSettings = {
				ALWAYS_SEARCH_USER_PATHS = NO;
				CLANG_ANALYZER_NONNULL = YES;
				CLANG_ANALYZER_NUMBER_OBJECT_CONVERSION = YES_AGGRESSIVE;
				CLANG_CXX_LANGUAGE_STANDARD = "gnu++20";
				CLANG_ENABLE_MODULES = YES;
				CLANG_ENABLE_OBJC_ARC = YES;
				CLANG_ENABLE_OBJC_WEAK = YES;
				CLANG_WARN_BLOCK_CAPTURE_AUTORELEASING = YES;
				CLANG_WARN_BOOL_CONVERSION = YES;
				CLANG_WARN_COMMA = YES;
				CLANG_WARN_CONSTANT_CONVERSION = YES;
				CLANG_WARN_DEPRECATED_OBJC_IMPLEMENTATIONS = YES;
				CLANG_WARN_DIRECT_OBJC_ISA_USAGE = YES_ERROR;
				CLANG_WARN_DOCUMENTATION_COMMENTS = YES;
				CLANG_WARN_EMPTY_BODY = YES;
				CLANG_WARN_ENUM_CONVERSION = YES;
				CLANG_WARN_INFINITE_RECURSION = YES;
				CLANG_WARN_INT_CONVERSION = YES;
				CLANG_WARN_NON_LITERAL_NULL_CONVERSION = YES;
				CLANG_WARN_OBJC_IMPLICIT_RETAIN_SELF = YES;
				CLANG_WARN_OBJC_LITERAL_CONVERSION = YES;
				CLANG_WARN_OBJC_ROOT_CLASS = YES_ERROR;
				CLANG_WARN_QUOTED_INCLUDE_IN_FRAMEWORK_HEADER = YES;
				CLANG_WARN_RANGE_LOOP_ANALYSIS = YES;
				CLANG_WARN_STRICT_PROTOTYPES = YES;
				CLANG_WARN_SUSPICIOUS_MOVE = YES;
				CLANG_WARN_UNGUARDED_AVAILABILITY = YES_AGGRESSIVE;
				CLANG_WARN_UNREACHABLE_CODE = YES;
				CLANG_WARN__DUPLICATE_METHOD_MATCH = YES;
				COPY_PHASE_STRIP = NO;
				DEBUG_INFORMATION_FORMAT = "dwarf-with-dsym";
				ENABLE_NS_ASSERTIONS = NO;
				ENABLE_STRICT_OBJC_MSGSEND = YES;
				GCC_C_LANGUAGE_STANDARD = gnu11;
				GCC_NO_COMMON_BLOCKS = YES;
				GCC_WARN_64_TO_32_BIT_CONVERSION = YES;
				GCC_WARN_ABOUT_RETURN_TYPE = YES_ERROR;
				GCC_WARN_UNDECLARED_SELECTOR = YES;
				GCC_WARN_UNINITIALIZED_AUTOS = YES_AGGRESSIVE;
				GCC_WARN_UNUSED_FUNCTION = YES;
				GCC_WARN_UNUSED_VARIABLE = YES;
				IPHONEOS_DEPLOYMENT_TARGET = 16.1;
				MTL_ENABLE_DEBUG_INFO = NO;
				MTL_FAST_MATH = YES;
				SDKROOT = iphoneos;
				SWIFT_COMPILATION_MODE = wholemodule;
				SWIFT_OPTIMIZATION_LEVEL = "-O";
				VALIDATE_PRODUCT = YES;
			};
			name = Release;
		};
		0C0788E12958B3030011E5A4 /* Debug */ = {
			isa = XCBuildConfiguration;
			buildSettings = {
				ASSETCATALOG_COMPILER_APPICON_NAME = AppIcon;
				ASSETCATALOG_COMPILER_GLOBAL_ACCENT_COLOR_NAME = AccentColor;
				CODE_SIGN_STYLE = Automatic;
				CURRENT_PROJECT_VERSION = 1;
				DEVELOPMENT_ASSET_PATHS = "\"EmojiGame/Preview Content\"";
				ENABLE_PREVIEWS = YES;
				GENERATE_INFOPLIST_FILE = YES;
				INFOPLIST_KEY_UIApplicationSceneManifest_Generation = YES;
				INFOPLIST_KEY_UIApplicationSupportsIndirectInputEvents = YES;
				INFOPLIST_KEY_UILaunchScreen_Generation = YES;
				INFOPLIST_KEY_UISupportedInterfaceOrientations_iPad = "UIInterfaceOrientationPortrait UIInterfaceOrientationPortraitUpsideDown UIInterfaceOrientationLandscapeLeft UIInterfaceOrientationLandscapeRight";
				INFOPLIST_KEY_UISupportedInterfaceOrientations_iPhone = "UIInterfaceOrientationPortrait UIInterfaceOrientationLandscapeLeft UIInterfaceOrientationLandscapeRight";
				LD_RUNPATH_SEARCH_PATHS = (
					"$(inherited)",
					"@executable_path/Frameworks",
				);
				MARKETING_VERSION = 1.0;
				PRODUCT_BUNDLE_IDENTIFIER = "com.krygo-dev.EmojiGame";
				PRODUCT_NAME = "$(TARGET_NAME)";
				SWIFT_EMIT_LOC_STRINGS = YES;
				SWIFT_VERSION = 5.0;
				TARGETED_DEVICE_FAMILY = "1,2";
			};
			name = Debug;
		};
		0C0788E22958B3030011E5A4 /* Release */ = {
			isa = XCBuildConfiguration;
			buildSettings = {
				ASSETCATALOG_COMPILER_APPICON_NAME = AppIcon;
				ASSETCATALOG_COMPILER_GLOBAL_ACCENT_COLOR_NAME = AccentColor;
				CODE_SIGN_STYLE = Automatic;
				CURRENT_PROJECT_VERSION = 1;
				DEVELOPMENT_ASSET_PATHS = "\"EmojiGame/Preview Content\"";
				ENABLE_PREVIEWS = YES;
				GENERATE_INFOPLIST_FILE = YES;
				INFOPLIST_KEY_UIApplicationSceneManifest_Generation = YES;
				INFOPLIST_KEY_UIApplicationSupportsIndirectInputEvents = YES;
				INFOPLIST_KEY_UILaunchScreen_Generation = YES;
				INFOPLIST_KEY_UISupportedInterfaceOrientations_iPad = "UIInterfaceOrientationPortrait UIInterfaceOrientationPortraitUpsideDown UIInterfaceOrientationLandscapeLeft UIInterfaceOrientationLandscapeRight";
				INFOPLIST_KEY_UISupportedInterfaceOrientations_iPhone = "UIInterfaceOrientationPortrait UIInterfaceOrientationLandscapeLeft UIInterfaceOrientationLandscapeRight";
				LD_RUNPATH_SEARCH_PATHS = (
					"$(inherited)",
					"@executable_path/Frameworks",
				);
				MARKETING_VERSION = 1.0;
				PRODUCT_BUNDLE_IDENTIFIER = "com.krygo-dev.EmojiGame";
				PRODUCT_NAME = "$(TARGET_NAME)";
				SWIFT_EMIT_LOC_STRINGS = YES;
				SWIFT_VERSION = 5.0;
				TARGETED_DEVICE_FAMILY = "1,2";
			};
			name = Release;
		};
/* End XCBuildConfiguration section */

/* Begin XCConfigurationList section */
		0C0788CD2958B3010011E5A4 /* Build configuration list for PBXProject "EmojiGame" */ = {
			isa = XCConfigurationList;
			buildConfigurations = (
				0C0788DE2958B3030011E5A4 /* Debug */,
				0C0788DF2958B3030011E5A4 /* Release */,
			);
			defaultConfigurationIsVisible = 0;
			defaultConfigurationName = Release;
		};
		0C0788E02958B3030011E5A4 /* Build configuration list for PBXNativeTarget "EmojiGame" */ = {
			isa = XCConfigurationList;
			buildConfigurations = (
				0C0788E12958B3030011E5A4 /* Debug */,
				0C0788E22958B3030011E5A4 /* Release */,
			);
			defaultConfigurationIsVisible = 0;
			defaultConfigurationName = Release;
		};
/* End XCConfigurationList section */

/* Begin XCRemoteSwiftPackageReference section */
		0C0788EA2958C88E0011E5A4 /* XCRemoteSwiftPackageReference "realm-cocoa" */ = {
			isa = XCRemoteSwiftPackageReference;
			repositoryURL = "https://github.com/realm/realm-cocoa.git";
			requirement = {
				kind = upToNextMajorVersion;
				minimumVersion = 10.10.0;
			};
		};
/* End XCRemoteSwiftPackageReference section */

/* Begin XCSwiftPackageProductDependency section */
		0C0788EB2958C88E0011E5A4 /* Realm */ = {
			isa = XCSwiftPackageProductDependency;
			package = 0C0788EA2958C88E0011E5A4 /* XCRemoteSwiftPackageReference "realm-cocoa" */;
			productName = Realm;
		};
		0C0788ED2958C88E0011E5A4 /* RealmSwift */ = {
			isa = XCSwiftPackageProductDependency;
			package = 0C0788EA2958C88E0011E5A4 /* XCRemoteSwiftPackageReference "realm-cocoa" */;
			productName = RealmSwift;
		};
/* End XCSwiftPackageProductDependency section */
	};
	rootObject = 0C0788CA2958B3010011E5A4 /* Project object */;
}
